Microsoft Visual Studio Solution File, Format Version 12.00
# Visual Studio Version 17
VisualStudioVersion = 17.5.2.0
MinimumVisualStudioVersion = 10.0.40219.1
Project("{2150E333-8FDC-42A3-9474-1A3956D46DE8}") = "19thMay2025", "19thMay2025", "{5268703C-CA9E-64EE-AB4F-8CA0EC24C0B6}"
EndProject
Project("{2150E333-8FDC-42A3-9474-1A3956D46DE8}") = "20thMay2025", "20thMay2025", "{40A446F7-C607-13BC-9770-DA09F3868B2D}"
EndProject
Project("{2150E333-8FDC-42A3-9474-1A3956D46DE8}") = "21stMay2025", "21stMay2025", "{AFC73503-DB5F-6C5E-E48D-DB7276415175}"
EndProject
Project("{2150E333-8FDC-42A3-9474-1A3956D46DE8}") = "22ndMay2025", "22ndMay2025", "{45162262-40B9-7BF5-894E-D489388727F5}"
EndProject
Project("{2150E333-8FDC-42A3-9474-1A3956D46DE8}") = "23rdMay2025", "23rdMay2025", "{DB0A9361-1F04-BD82-BC3E-2EA407DA1C55}"
EndProject
Project("{2150E333-8FDC-42A3-9474-1A3956D46DE8}") = "26thMay2025", "26thMay2025", "{7B6E6FFC-9AF8-15D5-FC76-472FC6D82DAF}"
EndProject
Project("{FAE04EC0-301F-11D3-BF4B-00C04F79EFBC}") = "Tasks", "19thMay2025\Tasks\Tasks.csproj", "{BDE74247-AC81-6AD3-8FA4-61A5D6E25DB9}"
EndProject
Project("{FAE04EC0-301F-11D3-BF4B-00C04F79EFBC}") = "Tasks", "20thMay2025\Tasks\Tasks.csproj", "{4A00C095-EFBB-CBBA-7E61-C7EB3647615B}"
EndProject
Project("{FAE04EC0-301F-11D3-BF4B-00C04F79EFBC}") = "AppointmentApp", "21stMay2025\AppointmentApp\AppointmentApp.csproj", "{CDF68D17-8302-99BE-441C-558BDBD3F88C}"
EndProject
Project("{FAE04EC0-301F-11D3-BF4B-00C04F79EFBC}") = "WholeApplication", "21stMay2025\WholeApplication\WholeApplication.csproj", "{F1811FCF-6E7F-B88C-4DCC-31164E6A3648}"
EndProject
Project("{FAE04EC0-301F-11D3-BF4B-00C04F79EFBC}") = "Solid", "22ndMay2025\Solid\Solid.csproj", "{E394A44D-E82F-24F6-064E-28590162089F}"
EndProject
Project("{FAE04EC0-301F-11D3-BF4B-00C04F79EFBC}") = "WholeApplication", "22ndMay2025\WholeApplication\WholeApplication.csproj", "{506EE6DE-B8E4-A98D-333D-D47AC99DE64C}"
EndProject
Project("{FAE04EC0-301F-11D3-BF4B-00C04F79EFBC}") = "DesignPattern", "23rdMay2025\DesignPattern\DesignPattern.csproj", "{04D5C202-C73C-0685-97A8-EABA2B3FEB77}"
EndProject
Project("{FAE04EC0-301F-11D3-BF4B-00C04F79EFBC}") = "SecureFileAccessSystem", "23rdMay2025\SecureFileAccessSystem\SecureFileAccessSystem.csproj", "{B4867CE8-7E17-612A-BE07-84C2F4C24157}"
EndProject
Project("{FAE04EC0-301F-11D3-BF4B-00C04F79EFBC}") = "FirstAPI", "26thMay2025\FirstAPI\FirstAPI.csproj", "{D5C0825F-8239-709E-5E5F-FD3874487992}"
EndProject
Global
	GlobalSection(SolutionConfigurationPlatforms) = preSolution
		Debug|Any CPU = Debug|Any CPU
		Release|Any CPU = Release|Any CPU
	EndGlobalSection
	GlobalSection(ProjectConfigurationPlatforms) = postSolution
		{BDE74247-AC81-6AD3-8FA4-61A5D6E25DB9}.Debug|Any CPU.ActiveCfg = Debug|Any CPU
		{BDE74247-AC81-6AD3-8FA4-61A5D6E25DB9}.Debug|Any CPU.Build.0 = Debug|Any CPU
		{BDE74247-AC81-6AD3-8FA4-61A5D6E25DB9}.Release|Any CPU.ActiveCfg = Release|Any CPU
		{BDE74247-AC81-6AD3-8FA4-61A5D6E25DB9}.Release|Any CPU.Build.0 = Release|Any CPU
		{4A00C095-EFBB-CBBA-7E61-C7EB3647615B}.Debug|Any CPU.ActiveCfg = Debug|Any CPU
		{4A00C095-EFBB-CBBA-7E61-C7EB3647615B}.Debug|Any CPU.Build.0 = Debug|Any CPU
		{4A00C095-EFBB-CBBA-7E61-C7EB3647615B}.Release|Any CPU.ActiveCfg = Release|Any CPU
		{4A00C095-EFBB-CBBA-7E61-C7EB3647615B}.Release|Any CPU.Build.0 = Release|Any CPU
		{CDF68D17-8302-99BE-441C-558BDBD3F88C}.Debug|Any CPU.ActiveCfg = Debug|Any CPU
		{CDF68D17-8302-99BE-441C-558BDBD3F88C}.Debug|Any CPU.Build.0 = Debug|Any CPU
		{CDF68D17-8302-99BE-441C-558BDBD3F88C}.Release|Any CPU.ActiveCfg = Release|Any CPU
		{CDF68D17-8302-99BE-441C-558BDBD3F88C}.Release|Any CPU.Build.0 = Release|Any CPU
		{F1811FCF-6E7F-B88C-4DCC-31164E6A3648}.Debug|Any CPU.ActiveCfg = Debug|Any CPU
		{F1811FCF-6E7F-B88C-4DCC-31164E6A3648}.Debug|Any CPU.Build.0 = Debug|Any CPU
		{F1811FCF-6E7F-B88C-4DCC-31164E6A3648}.Release|Any CPU.ActiveCfg = Release|Any CPU
		{F1811FCF-6E7F-B88C-4DCC-31164E6A3648}.Release|Any CPU.Build.0 = Release|Any CPU
		{E394A44D-E82F-24F6-064E-28590162089F}.Debug|Any CPU.ActiveCfg = Debug|Any CPU
		{E394A44D-E82F-24F6-064E-28590162089F}.Debug|Any CPU.Build.0 = Debug|Any CPU
		{E394A44D-E82F-24F6-064E-28590162089F}.Release|Any CPU.ActiveCfg = Release|Any CPU
		{E394A44D-E82F-24F6-064E-28590162089F}.Release|Any CPU.Build.0 = Release|Any CPU
		{506EE6DE-B8E4-A98D-333D-D47AC99DE64C}.Debug|Any CPU.ActiveCfg = Debug|Any CPU
		{506EE6DE-B8E4-A98D-333D-D47AC99DE64C}.Debug|Any CPU.Build.0 = Debug|Any CPU
		{506EE6DE-B8E4-A98D-333D-D47AC99DE64C}.Release|Any CPU.ActiveCfg = Release|Any CPU
		{506EE6DE-B8E4-A98D-333D-D47AC99DE64C}.Release|Any CPU.Build.0 = Release|Any CPU
		{04D5C202-C73C-0685-97A8-EABA2B3FEB77}.Debug|Any CPU.ActiveCfg = Debug|Any CPU
		{04D5C202-C73C-0685-97A8-EABA2B3FEB77}.Debug|Any CPU.Build.0 = Debug|Any CPU
		{04D5C202-C73C-0685-97A8-EABA2B3FEB77}.Release|Any CPU.ActiveCfg = Release|Any CPU
		{04D5C202-C73C-0685-97A8-EABA2B3FEB77}.Release|Any CPU.Build.0 = Release|Any CPU
		{B4867CE8-7E17-612A-BE07-84C2F4C24157}.Debug|Any CPU.ActiveCfg = Debug|Any CPU
		{B4867CE8-7E17-612A-BE07-84C2F4C24157}.Debug|Any CPU.Build.0 = Debug|Any CPU
		{B4867CE8-7E17-612A-BE07-84C2F4C24157}.Release|Any CPU.ActiveCfg = Release|Any CPU
		{B4867CE8-7E17-612A-BE07-84C2F4C24157}.Release|Any CPU.Build.0 = Release|Any CPU
		{D5C0825F-8239-709E-5E5F-FD3874487992}.Debug|Any CPU.ActiveCfg = Debug|Any CPU
		{D5C0825F-8239-709E-5E5F-FD3874487992}.Debug|Any CPU.Build.0 = Debug|Any CPU
		{D5C0825F-8239-709E-5E5F-FD3874487992}.Release|Any CPU.ActiveCfg = Release|Any CPU
		{D5C0825F-8239-709E-5E5F-FD3874487992}.Release|Any CPU.Build.0 = Release|Any CPU
	EndGlobalSection
	GlobalSection(SolutionProperties) = preSolution
		HideSolutionNode = FALSE
	EndGlobalSection
	GlobalSection(NestedProjects) = preSolution
		{BDE74247-AC81-6AD3-8FA4-61A5D6E25DB9} = {5268703C-CA9E-64EE-AB4F-8CA0EC24C0B6}
		{4A00C095-EFBB-CBBA-7E61-C7EB3647615B} = {40A446F7-C607-13BC-9770-DA09F3868B2D}
		{CDF68D17-8302-99BE-441C-558BDBD3F88C} = {AFC73503-DB5F-6C5E-E48D-DB7276415175}
		{F1811FCF-6E7F-B88C-4DCC-31164E6A3648} = {AFC73503-DB5F-6C5E-E48D-DB7276415175}
		{E394A44D-E82F-24F6-064E-28590162089F} = {45162262-40B9-7BF5-894E-D489388727F5}
		{506EE6DE-B8E4-A98D-333D-D47AC99DE64C} = {45162262-40B9-7BF5-894E-D489388727F5}
		{04D5C202-C73C-0685-97A8-EABA2B3FEB77} = {DB0A9361-1F04-BD82-BC3E-2EA407DA1C55}
		{B4867CE8-7E17-612A-BE07-84C2F4C24157} = {DB0A9361-1F04-BD82-BC3E-2EA407DA1C55}
		{D5C0825F-8239-709E-5E5F-FD3874487992} = {7B6E6FFC-9AF8-15D5-FC76-472FC6D82DAF}
	EndGlobalSection
	GlobalSection(ExtensibilityGlobals) = postSolution
		SolutionGuid = {BC5247B0-C862-4650-ADB0-DBA6A97B9300}
	EndGlobalSection
EndGlobal
