
Microsoft Visual Studio Solution File, Format Version 12.00
# Visual Studio Version 17
VisualStudioVersion = 17.5.2.0
MinimumVisualStudioVersion = 10.0.40219.1
Project("{FAE04EC0-301F-11D3-BF4B-00C04F79EFBC}") = "InventoryManagementAPI", "InventoryManagementAPI\InventoryManagementAPI.csproj", "{522E4018-76E1-A533-FB33-1862BA769EA9}"
EndProject
Project("{FAE04EC0-301F-11D3-BF4B-00C04F79EFBC}") = "InventoryManagementAPI.Tests", "InventoryManagementAPI.Tests\InventoryManagementAPI.Tests.csproj", "{A229F822-3605-430B-9A56-3D2FC52E4CA2}"
EndProject
Global
	GlobalSection(SolutionConfigurationPlatforms) = preSolution
		Debug|Any CPU = Debug|Any CPU
		Debug|x64 = Debug|x64
		Debug|x86 = Debug|x86
		Release|Any CPU = Release|Any CPU
		Release|x64 = Release|x64
		Release|x86 = Release|x86
	EndGlobalSection
	GlobalSection(ProjectConfigurationPlatforms) = postSolution
		{522E4018-76E1-A533-FB33-1862BA769EA9}.Debug|Any CPU.ActiveCfg = Debug|Any CPU
		{522E4018-76E1-A533-FB33-1862BA769EA9}.Debug|Any CPU.Build.0 = Debug|Any CPU
		{522E4018-76E1-A533-FB33-1862BA769EA9}.Debug|x64.ActiveCfg = Debug|Any CPU
		{522E4018-76E1-A533-FB33-1862BA769EA9}.Debug|x64.Build.0 = Debug|Any CPU
		{522E4018-76E1-A533-FB33-1862BA769EA9}.Debug|x86.ActiveCfg = Debug|Any CPU
		{522E4018-76E1-A533-FB33-1862BA769EA9}.Debug|x86.Build.0 = Debug|Any CPU
		{522E4018-76E1-A533-FB33-1862BA769EA9}.Release|Any CPU.ActiveCfg = Release|Any CPU
		{522E4018-76E1-A533-FB33-1862BA769EA9}.Release|Any CPU.Build.0 = Release|Any CPU
		{522E4018-76E1-A533-FB33-1862BA769EA9}.Release|x64.ActiveCfg = Release|Any CPU
		{522E4018-76E1-A533-FB33-1862BA769EA9}.Release|x64.Build.0 = Release|Any CPU
		{522E4018-76E1-A533-FB33-1862BA769EA9}.Release|x86.ActiveCfg = Release|Any CPU
		{522E4018-76E1-A533-FB33-1862BA769EA9}.Release|x86.Build.0 = Release|Any CPU
		{A229F822-3605-430B-9A56-3D2FC52E4CA2}.Debug|Any CPU.ActiveCfg = Debug|Any CPU
		{A229F822-3605-430B-9A56-3D2FC52E4CA2}.Debug|Any CPU.Build.0 = Debug|Any CPU
		{A229F822-3605-430B-9A56-3D2FC52E4CA2}.Debug|x64.ActiveCfg = Debug|Any CPU
		{A229F822-3605-430B-9A56-3D2FC52E4CA2}.Debug|x64.Build.0 = Debug|Any CPU
		{A229F822-3605-430B-9A56-3D2FC52E4CA2}.Debug|x86.ActiveCfg = Debug|Any CPU
		{A229F822-3605-430B-9A56-3D2FC52E4CA2}.Debug|x86.Build.0 = Debug|Any CPU
		{A229F822-3605-430B-9A56-3D2FC52E4CA2}.Release|Any CPU.ActiveCfg = Release|Any CPU
		{A229F822-3605-430B-9A56-3D2FC52E4CA2}.Release|Any CPU.Build.0 = Release|Any CPU
		{A229F822-3605-430B-9A56-3D2FC52E4CA2}.Release|x64.ActiveCfg = Release|Any CPU
		{A229F822-3605-430B-9A56-3D2FC52E4CA2}.Release|x64.Build.0 = Release|Any CPU
		{A229F822-3605-430B-9A56-3D2FC52E4CA2}.Release|x86.ActiveCfg = Release|Any CPU
		{A229F822-3605-430B-9A56-3D2FC52E4CA2}.Release|x86.Build.0 = Release|Any CPU
	EndGlobalSection
	GlobalSection(SolutionProperties) = preSolution
		HideSolutionNode = FALSE
	EndGlobalSection
	GlobalSection(ExtensibilityGlobals) = postSolution
		SolutionGuid = {8EC69CF0-9D99-4D62-BC02-36406039E28A}
	EndGlobalSection
EndGlobal
